
Microsoft Visual Studio Solution File, Format Version 12.00
# Visual Studio Version 16
VisualStudioVersion = 16.0.31205.134
MinimumVisualStudioVersion = 10.0.40219.1
Project("{FAE04EC0-301F-11D3-BF4B-00C04F79EFBC}") = "AddressBookRestSharp", "AddressBookRestSharp\AddressBookRestSharp.csproj", "{7BA06572-425E-4AA5-99C7-79D04D186396}"
EndProject
Project("{FAE04EC0-301F-11D3-BF4B-00C04F79EFBC}") = "AddressBookRestSharpTest", "AddressBookRestSharpTest\AddressBookRestSharpTest.csproj", "{3E140BFA-07D8-4EE9-A804-FAE12CB72AD7}"
EndProject
Global
	GlobalSection(SolutionConfigurationPlatforms) = preSolution
		Debug|Any CPU = Debug|Any CPU
		Release|Any CPU = Release|Any CPU
	EndGlobalSection
	GlobalSection(ProjectConfigurationPlatforms) = postSolution
		{7BA06572-425E-4AA5-99C7-79D04D186396}.Debug|Any CPU.ActiveCfg = Debug|Any CPU
		{7BA06572-425E-4AA5-99C7-79D04D186396}.Debug|Any CPU.Build.0 = Debug|Any CPU
		{7BA06572-425E-4AA5-99C7-79D04D186396}.Release|Any CPU.ActiveCfg = Release|Any CPU
		{7BA06572-425E-4AA5-99C7-79D04D186396}.Release|Any CPU.Build.0 = Release|Any CPU
		{3E140BFA-07D8-4EE9-A804-FAE12CB72AD7}.Debug|Any CPU.ActiveCfg = Debug|Any CPU
		{3E140BFA-07D8-4EE9-A804-FAE12CB72AD7}.Debug|Any CPU.Build.0 = Debug|Any CPU
		{3E140BFA-07D8-4EE9-A804-FAE12CB72AD7}.Release|Any CPU.ActiveCfg = Release|Any CPU
		{3E140BFA-07D8-4EE9-A804-FAE12CB72AD7}.Release|Any CPU.Build.0 = Release|Any CPU
	EndGlobalSection
	GlobalSection(SolutionProperties) = preSolution
		HideSolutionNode = FALSE
	EndGlobalSection
	GlobalSection(ExtensibilityGlobals) = postSolution
		SolutionGuid = {C442AACC-E5C2-4DE1-AC3F-642F9922D4FD}
	EndGlobalSection
EndGlobal
